
Microsoft Visual Studio Solution File, Format Version 12.00
# Visual Studio Version 16
VisualStudioVersion = 16.0.29306.81
MinimumVisualStudioVersion = 10.0.40219.1
Project("{FAE04EC0-301F-11D3-BF4B-00C04F79EFBC}") = "GaugeDemo", "GaugeDemo\GaugeDemo.csproj", "{60F92C7C-9491-45AE-9129-EE04DEDD8A72}"
EndProject
Global
	GlobalSection(SolutionConfigurationPlatforms) = preSolution
		Debug|Any CPU = Debug|Any CPU
		Release|Any CPU = Release|Any CPU
	EndGlobalSection
	GlobalSection(ProjectConfigurationPlatforms) = postSolution
		{60F92C7C-9491-45AE-9129-EE04DEDD8A72}.Debug|Any CPU.ActiveCfg = Debug|Any CPU
		{60F92C7C-9491-45AE-9129-EE04DEDD8A72}.Debug|Any CPU.Build.0 = Debug|Any CPU
		{60F92C7C-9491-45AE-9129-EE04DEDD8A72}.Release|Any CPU.ActiveCfg = Release|Any CPU
		{60F92C7C-9491-45AE-9129-EE04DEDD8A72}.Release|Any CPU.Build.0 = Release|Any CPU
	EndGlobalSection
	GlobalSection(SolutionProperties) = preSolution
		HideSolutionNode = FALSE
	EndGlobalSection
	GlobalSection(ExtensibilityGlobals) = postSolution
		SolutionGuid = {7108AC6B-556A-47CB-8DBA-19FFB176C917}
	EndGlobalSection
EndGlobal
